# This file is automatically @generated by Poetry 1.8+ and should not be changed by hand.
# Run `poetry lock` to regenerate this file.

[[package]]
name = "numpy"
version = "2.2.2"
description = "Fundamental package for array computing in Python"
optional = false
python-versions = ">=3.10"
files = []

[[package]]
name = "polars"
version = "1.20.0"
description = "Blazingly fast DataFrame library"
optional = false
python-versions = ">=3.9"
files = []

[metadata]
lock-version = "2.0"
python-versions = "^3.13"
content-hash = "placeholder-run-poetry-lock-to-regenerate"
